{
  "nodes": {
    "nixos-hardware": {
      "locked": {
        "lastModified": 1733861262,
        "narHash": "sha256-+jjPup/ByS0LEVIrBbt7FnGugJgLeG9oc+ivFASYn2U=",
        "owner": "nixos",
        "repo": "nixos-hardware",
        "rev": "cf737e2eba82b603f54f71b10cb8fd09d22ce3f5",
        "type": "github"
      },
      "original": {
        "owner": "nixos",
        "ref": "master",
        "repo": "nixos-hardware",
        "type": "github"
      }
    },
    "nixpkgs": {
      "locked": {
        "lastModified": 1734083684,
        "narHash": "sha256-5fNndbndxSx5d+C/D0p/VF32xDiJCJzyOqorOYW4JEo=",
        "owner": "NixOS",
        "repo": "nixpkgs",
        "rev": "314e12ba369ccdb9b352a4db26ff419f7c49fa84",
        "type": "github"
      },
      "original": {
        "owner": "NixOS",
        "ref": "nixos-24.11",
        "repo": "nixpkgs",
        "type": "github"
      }
    },
    "root": {
      "inputs": {
        "nixos-hardware": "nixos-hardware",
        "nixpkgs": "nixpkgs"
      }
    }
  },
  "root": "root",
  "version": 7
}
